
Microsoft Visual Studio Solution File, Format Version 12.00
# Visual Studio Version 17
VisualStudioVersion = 17.0.31808.319
MinimumVisualStudioVersion = 10.0.40219.1
Project("{FAE04EC0-301F-11D3-BF4B-00C04F79EFBC}") = "RTS-Laba-3", "RTS-Laba-3\RTS-Laba-3.csproj", "{7E15CC2B-1A89-4180-BBD0-3840D6B56E3E}"
EndProject
Global
	GlobalSection(SolutionConfigurationPlatforms) = preSolution
		Debug|Any CPU = Debug|Any CPU
		Release|Any CPU = Release|Any CPU
	EndGlobalSection
	GlobalSection(ProjectConfigurationPlatforms) = postSolution
		{7E15CC2B-1A89-4180-BBD0-3840D6B56E3E}.Debug|Any CPU.ActiveCfg = Debug|Any CPU
		{7E15CC2B-1A89-4180-BBD0-3840D6B56E3E}.Debug|Any CPU.Build.0 = Debug|Any CPU
		{7E15CC2B-1A89-4180-BBD0-3840D6B56E3E}.Release|Any CPU.ActiveCfg = Release|Any CPU
		{7E15CC2B-1A89-4180-BBD0-3840D6B56E3E}.Release|Any CPU.Build.0 = Release|Any CPU
	EndGlobalSection
	GlobalSection(SolutionProperties) = preSolution
		HideSolutionNode = FALSE
	EndGlobalSection
	GlobalSection(ExtensibilityGlobals) = postSolution
		SolutionGuid = {D81FF0B6-3A12-4114-BD45-5E6DDD077B49}
	EndGlobalSection
EndGlobal
